# @generated by Move, please check-in and do not edit manually.

[move]
version = 3
manifest_digest = "9AA82755161D3519D4F9348BD6F5C3B8DC7E9471BF0FC001A2E47C4EF10E265F"
deps_digest = "F8BBB0CCB2491CA29A3DF03D6F92277A4F3574266507ACD77214D37ECA3F3082"
dependencies = [
  { id = "Sui", name = "Sui" },
]

[[move.package]]
id = "MoveStdlib"
source = { git = "https://github.com/MystenLabs/sui.git", rev = "testnet", subdir = "crates/sui-framework/packages/move-stdlib" }

[[move.package]]
id = "Sui"
source = { git = "https://github.com/MystenLabs/sui.git", rev = "testnet", subdir = "crates/sui-framework/packages/sui-framework" }

dependencies = [
  { id = "MoveStdlib", name = "MoveStdlib" },
]

[move.toolchain-version]
compiler-version = "1.55.0"
edition = "2024.beta"
flavor = "sui"

[env]

[env.testnet]
chain-id = "4c78adac"
original-published-id = "0xc375b79083ed6a6d98c0b49e2b1b7b101b1d33320b7983701ccd4ee804be04c7"
latest-published-id = "0xc375b79083ed6a6d98c0b49e2b1b7b101b1d33320b7983701ccd4ee804be04c7"
published-version = "1"

[env.localnet]
chain-id = "5eced198"
original-published-id = "0x5a5d37dea6a6bb3774bbb226dfa1a11f42472e4655f042c3663b6cdea0069708"
latest-published-id = "0x5a5d37dea6a6bb3774bbb226dfa1a11f42472e4655f042c3663b6cdea0069708"
published-version = "1"

[env.local]
chain-id = "0bf2c56e"
original-published-id = "0xc17506961a9e3ce5d2eda9d09ca1bfd5fe67c274da98be3f01b9600f73a88276"
latest-published-id = "0xc17506961a9e3ce5d2eda9d09ca1bfd5fe67c274da98be3f01b9600f73a88276"
published-version = "1"
