# Generated by move; do not edit
# This file should be checked in.

[move]
version = 3
manifest_digest = "3BE1EF8B06D5E12B448096ED49C672BCAB036EC3E20233DB814DFA3167B9C3AD"
deps_digest = "F8BBB0CCB2491CA29A3DF03D6F92277A4F3574266507ACD77214D37ECA3F3082"
dependencies = [
  { id = "Sui", name = "Sui" },
]

[[move.package]]
id = "MoveStdlib"
source = { git = "https://github.com/MystenLabs/sui.git", rev = "mainnet-v1.60.1", subdir = "crates/sui-framework/packages/move-stdlib" }

[[move.package]]
id = "Sui"
source = { git = "https://github.com/MystenLabs/sui.git", rev = "mainnet-v1.60.1", subdir = "crates/sui-framework/packages/sui-framework" }

dependencies = [
  { id = "MoveStdlib", name = "MoveStdlib" },
]

[move.toolchain-version]
compiler-version = "1.60.1"
edition = "2024"
flavor = "sui"

[pinned.mainnet.Math]
source = { root = true }
use_environment = "mainnet"
manifest_digest = "8CDF184FFAFB468D9CD765DF1CAE8EB2DC76DFD09629D4808CE27190FE332713"
deps = { Sui = "Sui" }

[pinned.mainnet.MoveStdlib]
source = { git = "https://github.com/MystenLabs/sui.git", subdir = "crates/sui-framework/packages/move-stdlib", rev = "49d95e90e36ea0f2e20a74e23843ada90ce4a3bc" }
use_environment = "mainnet"
manifest_digest = "C4FE4C91DE74CBF223B2E380AE40F592177D21870DC2D7EB6227D2D694E05363"
deps = {}

[pinned.mainnet.Sui]
source = { git = "https://github.com/MystenLabs/sui.git", subdir = "crates/sui-framework/packages/sui-framework", rev = "49d95e90e36ea0f2e20a74e23843ada90ce4a3bc" }
use_environment = "mainnet"
manifest_digest = "CD547CB1ACCE0880C835DAED2D8FFCB91D56C833AE5240D3AA5B918398263195"
deps = { MoveStdlib = "MoveStdlib" }

[env]

[env.mainnet]
chain-id = "35834a8a"
original-published-id = "0xda89b111cc86b01f38acf4b68987e400a7019c743f82b2490fe1cb66dac5205a"
latest-published-id = "0xda89b111cc86b01f38acf4b68987e400a7019c743f82b2490fe1cb66dac5205a"
published-version = "1"
