# @generated by Move, please check-in and do not edit manually.

[move]
version = 3
manifest_digest = "EAC1E59C2CAB5C8CD421AEFCA62EDDE449BF9CBE3D2D546F307D984ACA5B6D57"
deps_digest = "060AD7E57DFB13104F21BE5F5C3759D03F0553FC3229247D9A7A6B45F50D03A3"
dependencies = [
  { id = "Sui", name = "Sui" },
  { id = "XOracle", name = "XOracle" },
  { id = "coin_gr", name = "coin_gr" },
]

[[move.package]]
id = "MoveStdlib"
source = { git = "https://github.com/MystenLabs/sui.git", rev = "mainnet-v1.60.1", subdir = "crates/sui-framework/packages/move-stdlib" }

[[move.package]]
id = "Sui"
source = { git = "https://github.com/MystenLabs/sui.git", rev = "mainnet-v1.60.1", subdir = "crates/sui-framework/packages/sui-framework" }

dependencies = [
  { id = "MoveStdlib", name = "MoveStdlib" },
]

[[move.package]]
id = "XOracle"
source = { local = "../x_oracle" }

dependencies = [
  { id = "Sui", name = "Sui" },
]

[[move.package]]
id = "coin_gr"
source = { local = "../../coins/coin_gr" }

dependencies = [
  { id = "Sui", name = "Sui" },
]

[move.toolchain-version]
compiler-version = "1.60.1"
edition = "2024"
flavor = "sui"

[env]

[env.mainnet]
chain-id = "35834a8a"
original-published-id = "0x859e2dd214f30094ee1552ae20b7c289a0a3d6f8f9f0f97ddab17d9c7846da6b"
latest-published-id = "0x859e2dd214f30094ee1552ae20b7c289a0a3d6f8f9f0f97ddab17d9c7846da6b"
published-version = "1"
