# @generated by Move, please check-in and do not edit manually.

[move]
version = 3

dependencies = [
  { id = "Sui", name = "Sui" },
]
manifest_digest = "47305767D2105ECF29FF6DB8803736D86BCFE675E2A6ACC9A8E01165D04E8B97"
deps_digest = "F8BBB0CCB2491CA29A3DF03D6F92277A4F3574266507ACD77214D37ECA3F3082"

[[move.package]]
id = "MoveStdlib"
source = { git = "https://github.com/MystenLabs/sui.git", rev = "testnet", subdir = "crates/sui-framework/packages/move-stdlib" }

[[move.package]]
id = "Sui"
source = { git = "https://github.com/MystenLabs/sui.git", rev = "testnet", subdir = "crates/sui-framework/packages/sui-framework" }

dependencies = [
  { id = "MoveStdlib", name = "MoveStdlib" },
]

[move.toolchain-version]
compiler-version = "1.57.0"
edition = "2024"
flavor = "sui"

[env]

[env.testnet]
chain-id = "4c78adac"
original-published-id = "0x96edacdb665a65ad7fd378e4e57d0253b438ee31b603c528c1886ff319aa8081"
latest-published-id = "0x96edacdb665a65ad7fd378e4e57d0253b438ee31b603c528c1886ff319aa8081"
published-version = "1"

[env.localnet]
chain-id = "5eced198"
original-published-id = "0x65499d196e748cdb87e57c58223ec4db07e689cf522bdce76ba97240cb5d6ed7"
latest-published-id = "0x65499d196e748cdb87e57c58223ec4db07e689cf522bdce76ba97240cb5d6ed7"
published-version = "1"

[env.local]
chain-id = "0bf2c56e"
original-published-id = "0x1f8f59d7d299775f96c914c7e9ed07d749c7b628f7e4f3e5e9594a4c1c6a7c88"
latest-published-id = "0x1f8f59d7d299775f96c914c7e9ed07d749c7b628f7e4f3e5e9594a4c1c6a7c88"
published-version = "1"
