# @generated by Move, please check-in and do not edit manually.

[move]
version = 3
manifest_digest = "55FAFF5350A7A5CA56EF67D0A6859C20C8B3D485F2AE3F3CB24C23B1B5B7E1B0"
deps_digest = "8227D341C0550A37580C10FA45FE148A465225149C69D179737E0FE454AD6AEC"
dependencies = [
  { id = "CoinDecimalsRegistry", name = "CoinDecimalsRegistry" },
  { id = "Math", name = "Math" },
  { id = "Sui", name = "Sui" },
  { id = "TestCoin", name = "TestCoin" },
  { id = "X", name = "X" },
  { id = "XOracle", name = "XOracle" },
  { id = "coin_gr", name = "coin_gr" },
  { id = "coin_gusd", name = "coin_gusd" },
  { id = "coin_gy", name = "coin_gy" },
]

[[move.package]]
id = "CoinDecimalsRegistry"
source = { local = "../libs/coin_decimals_registry" }

dependencies = [
  { id = "Sui", name = "Sui" },
]

[[move.package]]
id = "Math"
source = { local = "../libs/math" }

dependencies = [
  { id = "Sui", name = "Sui" },
]

[[move.package]]
id = "MoveStdlib"
source = { git = "https://github.com/MystenLabs/sui.git", rev = "testnet", subdir = "crates/sui-framework/packages/move-stdlib" }

[[move.package]]
id = "Sui"
source = { git = "https://github.com/MystenLabs/sui.git", rev = "testnet", subdir = "crates/sui-framework/packages/sui-framework" }

dependencies = [
  { id = "MoveStdlib", name = "MoveStdlib" },
]

[[move.package]]
id = "TestCoin"
source = { local = "../../contracts_other/test_coin" }

dependencies = [
  { id = "Sui", name = "Sui" },
]

[[move.package]]
id = "X"
source = { local = "../libs/x" }

dependencies = [
  { id = "Sui", name = "Sui" },
]

[[move.package]]
id = "XOracle"
source = { local = "../sui_x_oracle/x_oracle" }

dependencies = [
  { id = "Sui", name = "Sui" },
]

[[move.package]]
id = "coin_gr"
source = { local = "../coins/coin_gr" }

dependencies = [
  { id = "Sui", name = "Sui" },
]

[[move.package]]
id = "coin_gusd"
source = { local = "../coins/coin_gusd" }

dependencies = [
  { id = "Sui", name = "Sui" },
]

[[move.package]]
id = "coin_gy"
source = { local = "../coins/coin_gy" }

dependencies = [
  { id = "Sui", name = "Sui" },
]

[move.toolchain-version]
compiler-version = "1.55.0"
edition = "2024"
flavor = "sui"

[env]

[env.testnet]
chain-id = "4c78adac"
original-published-id = "0x1f03430352a83d5439874834bab113ffc96f8f0f3e1cdd935044f8e049366e92"
latest-published-id = "0x1f03430352a83d5439874834bab113ffc96f8f0f3e1cdd935044f8e049366e92"
published-version = "1"

[env.localnet]
chain-id = "5eced198"
original-published-id = "0xd72a912ba44a72c4e7c26431240a7c0c9506f6efa04ab5b23beb75c14703127b"
latest-published-id = "0xd72a912ba44a72c4e7c26431240a7c0c9506f6efa04ab5b23beb75c14703127b"
published-version = "1"
