# @generated by Move, please check-in and do not edit manually.

[move]
version = 3

dependencies = [
  { id = "Sui", name = "Sui" },
]
manifest_digest = "729FBA92F559A8A08AF686CF3A122ED754B05C346CB4AC649EE005666E8B3415"
deps_digest = "F8BBB0CCB2491CA29A3DF03D6F92277A4F3574266507ACD77214D37ECA3F3082"

[[move.package]]
id = "MoveStdlib"
source = { git = "https://github.com/MystenLabs/sui.git", rev = "testnet", subdir = "crates/sui-framework/packages/move-stdlib" }

[[move.package]]
id = "Sui"
source = { git = "https://github.com/MystenLabs/sui.git", rev = "testnet", subdir = "crates/sui-framework/packages/sui-framework" }

dependencies = [
  { id = "MoveStdlib", name = "MoveStdlib" },
]

[move.toolchain-version]
compiler-version = "1.57.0"
edition = "2024"
flavor = "sui"

[env]

[env.testnet]
chain-id = "4c78adac"
original-published-id = "0xa0d5acdd4973a1040cbfd2f94a10f3306d749753e4d23b9ea2dd58bf4003ecc8"
latest-published-id = "0xa0d5acdd4973a1040cbfd2f94a10f3306d749753e4d23b9ea2dd58bf4003ecc8"
published-version = "1"

[env.localnet]
chain-id = "5eced198"
original-published-id = "0x397b49c436787dccc6f79d55a8f9f02842c6cbb5b8f3bbcaee02c8819daeb6fa"
latest-published-id = "0x397b49c436787dccc6f79d55a8f9f02842c6cbb5b8f3bbcaee02c8819daeb6fa"
published-version = "1"

[env.local]
chain-id = "0bf2c56e"
original-published-id = "0x07eb9ba047ca820d48190df35859e7372603267c5610753370f944f81cb9de20"
latest-published-id = "0x07eb9ba047ca820d48190df35859e7372603267c5610753370f944f81cb9de20"
published-version = "1"
