# @generated by Move, please check-in and do not edit manually.

[move]
version = 3
manifest_digest = "B73C972B8F09061E7E6AD00A34C5155233F52944581AD7EFD4D9322A542D09D9"
deps_digest = "F8BBB0CCB2491CA29A3DF03D6F92277A4F3574266507ACD77214D37ECA3F3082"
dependencies = [
  { id = "Sui", name = "Sui" },
]

[[move.package]]
id = "MoveStdlib"
source = { git = "https://github.com/MystenLabs/sui.git", rev = "mainnet-v1.60.1", subdir = "crates/sui-framework/packages/move-stdlib" }

[[move.package]]
id = "Sui"
source = { git = "https://github.com/MystenLabs/sui.git", rev = "mainnet-v1.60.1", subdir = "crates/sui-framework/packages/sui-framework" }

dependencies = [
  { id = "MoveStdlib", name = "MoveStdlib" },
]

[move.toolchain-version]
compiler-version = "1.60.1"
edition = "2024"
flavor = "sui"

[env]

[env.testnet]
chain-id = "4c78adac"
original-published-id = "0x08c62be62d4e7a7805015d098fd6ede3722e54225ad606431bd0b5293c7efa93"
latest-published-id = "0x08c62be62d4e7a7805015d098fd6ede3722e54225ad606431bd0b5293c7efa93"
published-version = "1"

[env.localnet]
chain-id = "5eced198"
original-published-id = "0x397b49c436787dccc6f79d55a8f9f02842c6cbb5b8f3bbcaee02c8819daeb6fa"
latest-published-id = "0x397b49c436787dccc6f79d55a8f9f02842c6cbb5b8f3bbcaee02c8819daeb6fa"
published-version = "1"

[env.mainnet]
chain-id = "35834a8a"
original-published-id = "0xa6e55b3e7942faf5e3399233f3b0aa03042e01bf1f278e58c130ca824274942f"
latest-published-id = "0xa6e55b3e7942faf5e3399233f3b0aa03042e01bf1f278e58c130ca824274942f"
published-version = "1"
