# @generated by Move, please check-in and do not edit manually.

[move]
version = 3
manifest_digest = "8CC5D3007C2C2A89D21D56C053226C36760111070B0F03B3738F6FA90BAD8C97"
deps_digest = "F8BBB0CCB2491CA29A3DF03D6F92277A4F3574266507ACD77214D37ECA3F3082"
dependencies = [
  { id = "Sui", name = "Sui" },
]

[[move.package]]
id = "MoveStdlib"
source = { git = "https://github.com/MystenLabs/sui.git", rev = "testnet", subdir = "crates/sui-framework/packages/move-stdlib" }

[[move.package]]
id = "Sui"
source = { git = "https://github.com/MystenLabs/sui.git", rev = "testnet", subdir = "crates/sui-framework/packages/sui-framework" }

dependencies = [
  { id = "MoveStdlib", name = "MoveStdlib" },
]

[move.toolchain-version]
compiler-version = "1.55.0"
edition = "2024.beta"
flavor = "sui"

[env]

[env.testnet]
chain-id = "4c78adac"
original-published-id = "0xa4cf0a4470ccbb14142ad830b68ffe9aae4a6d5965c4cc3c7f983aaef9ac444a"
latest-published-id = "0xa4cf0a4470ccbb14142ad830b68ffe9aae4a6d5965c4cc3c7f983aaef9ac444a"
published-version = "1"

[env.localnet]
chain-id = "5eced198"
original-published-id = "0xd7580e2233b46918a8e26f641801be989c77bf706580b8b60c81c7fb9210c8bc"
latest-published-id = "0xd7580e2233b46918a8e26f641801be989c77bf706580b8b60c81c7fb9210c8bc"
published-version = "1"

[env.local]
chain-id = "0bf2c56e"
original-published-id = "0x059d9ad9d97b3220c6f96a6e735598e4d75856a161fea98e7a94d5e4f13b1dc2"
latest-published-id = "0x059d9ad9d97b3220c6f96a6e735598e4d75856a161fea98e7a94d5e4f13b1dc2"
published-version = "1"
