# @generated by Move, please check-in and do not edit manually.

[move]
version = 3
manifest_digest = "08F03BE610046B42B35FA46C184C4B180907B201E9EB9CD553156BCFF3B7AF00"
deps_digest = "3C4103934B1E040BB6B23F1D610B4EF9F2F1166A50A104EADCF77467C004C600"
dependencies = [
  { id = "Sui", name = "Sui" },
  { id = "XOracle", name = "XOracle" },
]

[[move.package]]
id = "MoveStdlib"
source = { git = "https://github.com/MystenLabs/sui.git", rev = "testnet", subdir = "crates/sui-framework/packages/move-stdlib" }

[[move.package]]
id = "Sui"
source = { git = "https://github.com/MystenLabs/sui.git", rev = "testnet", subdir = "crates/sui-framework/packages/sui-framework" }

dependencies = [
  { id = "MoveStdlib", name = "MoveStdlib" },
]

[[move.package]]
id = "XOracle"
source = { local = "../x_oracle" }

dependencies = [
  { id = "Sui", name = "Sui" },
]

[move.toolchain-version]
compiler-version = "1.55.0"
edition = "2024"
flavor = "sui"

[env]

[env.testnet]
chain-id = "4c78adac"
original-published-id = "0x6bf49f6c945a34261089093b56b780d98616532897faf177f021d69d0a363295"
latest-published-id = "0x6bf49f6c945a34261089093b56b780d98616532897faf177f021d69d0a363295"
published-version = "1"

[env.localnet]
chain-id = "5eced198"
original-published-id = "0x4f3f215d55847aa73a3bf916a1b9dabff53cfc5b477a03f9bba00122d365abe8"
latest-published-id = "0x4f3f215d55847aa73a3bf916a1b9dabff53cfc5b477a03f9bba00122d365abe8"
published-version = "1"
