# @generated by Move, please check-in and do not edit manually.

[move]
version = 3

dependencies = [
  { id = "Sui", name = "Sui" },
]
manifest_digest = "3B6C29B3666EEB63BF8CA28BC151F83293DAE7AB8EC6BF529D57BBF6C44009B4"
deps_digest = "F8BBB0CCB2491CA29A3DF03D6F92277A4F3574266507ACD77214D37ECA3F3082"

[[move.package]]
id = "MoveStdlib"
source = { git = "https://github.com/MystenLabs/sui.git", rev = "testnet", subdir = "crates/sui-framework/packages/move-stdlib" }

[[move.package]]
id = "Sui"
source = { git = "https://github.com/MystenLabs/sui.git", rev = "testnet", subdir = "crates/sui-framework/packages/sui-framework" }

dependencies = [
  { id = "MoveStdlib", name = "MoveStdlib" },
]

[move.toolchain-version]
compiler-version = "1.55.0"
edition = "2024"
flavor = "sui"

[env]

[env.testnet]
chain-id = "4c78adac"
original-published-id = "0xb2e6b0d39c1112e5682b01b3b803be8d371284479b5fc66ae58b7977303ca699"
latest-published-id = "0xb2e6b0d39c1112e5682b01b3b803be8d371284479b5fc66ae58b7977303ca699"
published-version = "1"

[env.localnet]
chain-id = "5eced198"
original-published-id = "0xbdb813e01f0abcb990fd98ed60b488d5ad390d971dbac2884808c865fee43491"
latest-published-id = "0xbdb813e01f0abcb990fd98ed60b488d5ad390d971dbac2884808c865fee43491"
published-version = "1"
