# @generated by Move, please check-in and do not edit manually.

[move]
version = 3
manifest_digest = "705C13906008029C4B5E8D327B16ECAD9C8C3CB361D4C86F8999111CA51BCB2D"
deps_digest = "F8BBB0CCB2491CA29A3DF03D6F92277A4F3574266507ACD77214D37ECA3F3082"
dependencies = [
  { id = "Sui", name = "Sui" },
]

[[move.package]]
id = "MoveStdlib"
source = { git = "https://github.com/MystenLabs/sui.git", rev = "mainnet-v1.60.1", subdir = "crates/sui-framework/packages/move-stdlib" }

[[move.package]]
id = "Sui"
source = { git = "https://github.com/MystenLabs/sui.git", rev = "mainnet-v1.60.1", subdir = "crates/sui-framework/packages/sui-framework" }

dependencies = [
  { id = "MoveStdlib", name = "MoveStdlib" },
]

[move.toolchain-version]
compiler-version = "1.60.1"
edition = "2024"
flavor = "sui"

[env]

[env.localnet]
chain-id = "446fc1cd"
original-published-id = "0x090c78a0e013fe7e009b08d747db096d2871a4318b197303cc7ae767c4a52d6a"
latest-published-id = "0x090c78a0e013fe7e009b08d747db096d2871a4318b197303cc7ae767c4a52d6a"
published-version = "1"

[env.testnet]
chain-id = "4c78adac"
original-published-id = "0x31e5975e3511d80af171f92c42643a23a40a625981eb2e400ebbd87d05c8199c"
latest-published-id = "0x31e5975e3511d80af171f92c42643a23a40a625981eb2e400ebbd87d05c8199c"
published-version = "1"

[env.mainnet]
chain-id = "35834a8a"
original-published-id = "0xd2e5cb84b33e2acadff5d1c8a30181e8871de44b5bfbea5b8c615ec6218b2fca"
latest-published-id = "0xd2e5cb84b33e2acadff5d1c8a30181e8871de44b5bfbea5b8c615ec6218b2fca"
published-version = "1"
