# @generated by Move, please check-in and do not edit manually.

[move]
version = 3

dependencies = [
  { id = "Sui", name = "Sui" },
]
manifest_digest = "668B3F41B39AD2C10150D94D4065218121116A0EC604652AC1FBD0DBD3FCB717"
deps_digest = "F8BBB0CCB2491CA29A3DF03D6F92277A4F3574266507ACD77214D37ECA3F3082"

[[move.package]]
id = "MoveStdlib"
source = { git = "https://github.com/MystenLabs/sui.git", rev = "testnet", subdir = "crates/sui-framework/packages/move-stdlib" }

[[move.package]]
id = "Sui"
source = { git = "https://github.com/MystenLabs/sui.git", rev = "testnet", subdir = "crates/sui-framework/packages/sui-framework" }

dependencies = [
  { id = "MoveStdlib", name = "MoveStdlib" },
]

[move.toolchain-version]
compiler-version = "1.55.0"
edition = "2024"
flavor = "sui"

[env]

[env.testnet]
chain-id = "4c78adac"
original-published-id = "0x7df8290202c4a26cd302dbdb4c6490fadd1c81616668b5b688dca894a27c411d"
latest-published-id = "0x7df8290202c4a26cd302dbdb4c6490fadd1c81616668b5b688dca894a27c411d"
published-version = "1"

[env.localnet]
chain-id = "5eced198"
original-published-id = "0x397b49c436787dccc6f79d55a8f9f02842c6cbb5b8f3bbcaee02c8819daeb6fa"
latest-published-id = "0x397b49c436787dccc6f79d55a8f9f02842c6cbb5b8f3bbcaee02c8819daeb6fa"
published-version = "1"
