# @generated by Move, please check-in and do not edit manually.

[move]
version = 3
manifest_digest = "28E58B9560415C9E7988F9434DF99DF3BB65EAFD47101A5AAE44BADA52C3DB18"
deps_digest = "F8BBB0CCB2491CA29A3DF03D6F92277A4F3574266507ACD77214D37ECA3F3082"
dependencies = [
  { id = "Sui", name = "Sui" },
]

[[move.package]]
id = "MoveStdlib"
source = { git = "https://github.com/MystenLabs/sui.git", rev = "testnet", subdir = "crates/sui-framework/packages/move-stdlib" }

[[move.package]]
id = "Sui"
source = { git = "https://github.com/MystenLabs/sui.git", rev = "testnet", subdir = "crates/sui-framework/packages/sui-framework" }

dependencies = [
  { id = "MoveStdlib", name = "MoveStdlib" },
]

[move.toolchain-version]
compiler-version = "1.55.0"
edition = "2024.beta"
flavor = "sui"

[env]

[env.localnet]
chain-id = "446fc1cd"
original-published-id = "0x090c78a0e013fe7e009b08d747db096d2871a4318b197303cc7ae767c4a52d6a"
latest-published-id = "0x090c78a0e013fe7e009b08d747db096d2871a4318b197303cc7ae767c4a52d6a"
published-version = "1"
