# @generated by Move, please check-in and do not edit manually.

[move]
version = 3
manifest_digest = "2F767F32438250635F41668E1128B2C5A1870A18A56541889FF648594ADDA80B"
deps_digest = "060AD7E57DFB13104F21BE5F5C3759D03F0553FC3229247D9A7A6B45F50D03A3"
dependencies = [
  { id = "Sui", name = "Sui" },
  { id = "XOracle", name = "XOracle" },
  { id = "coin_gusd", name = "coin_gusd" },
]

[[move.package]]
id = "MoveStdlib"
source = { git = "https://github.com/MystenLabs/sui.git", rev = "mainnet-v1.60.1", subdir = "crates/sui-framework/packages/move-stdlib" }

[[move.package]]
id = "Sui"
source = { git = "https://github.com/MystenLabs/sui.git", rev = "mainnet-v1.60.1", subdir = "crates/sui-framework/packages/sui-framework" }

dependencies = [
  { id = "MoveStdlib", name = "MoveStdlib" },
]

[[move.package]]
id = "XOracle"
source = { local = "../x_oracle" }

dependencies = [
  { id = "Sui", name = "Sui" },
]

[[move.package]]
id = "coin_gusd"
source = { local = "../../coins/coin_gusd" }

dependencies = [
  { id = "Sui", name = "Sui" },
]

[move.toolchain-version]
compiler-version = "1.60.1"
edition = "2024"
flavor = "sui"

[env]

[env.local]
chain-id = "422fe8e4"
original-published-id = "0x56daab55d6e0296152e6597a443a4e32b97e796d75aabbea20802a67036d33b0"
latest-published-id = "0x56daab55d6e0296152e6597a443a4e32b97e796d75aabbea20802a67036d33b0"
published-version = "1"

[env.mainnet]
chain-id = "35834a8a"
original-published-id = "0x5bc67dd6b5b150939ae3406f2f8a305a4749d89b60e7f4fa31fbfc3390b49419"
latest-published-id = "0x5bc67dd6b5b150939ae3406f2f8a305a4749d89b60e7f4fa31fbfc3390b49419"
published-version = "1"
