# @generated by Move, please check-in and do not edit manually.

[move]
version = 3

dependencies = [
  { id = "Sui", name = "Sui" },
]
manifest_digest = "95D5058056EE620E716EA7D840A1A14259A85CC2235913C2548BA908F57EC314"
deps_digest = "F8BBB0CCB2491CA29A3DF03D6F92277A4F3574266507ACD77214D37ECA3F3082"

[[move.package]]
id = "MoveStdlib"
source = { git = "https://github.com/MystenLabs/sui.git", rev = "testnet", subdir = "crates/sui-framework/packages/move-stdlib" }

[[move.package]]
id = "Sui"
source = { git = "https://github.com/MystenLabs/sui.git", rev = "testnet", subdir = "crates/sui-framework/packages/sui-framework" }

dependencies = [
  { id = "MoveStdlib", name = "MoveStdlib" },
]

[move.toolchain-version]
compiler-version = "1.55.0"
edition = "2024"
flavor = "sui"

[env]

[env.testnet]
chain-id = "4c78adac"
original-published-id = "0x74c30b19c30513ed539889a8b37cd7b99ae9ac128e6731a3bf00c44c74a3de01"
latest-published-id = "0x74c30b19c30513ed539889a8b37cd7b99ae9ac128e6731a3bf00c44c74a3de01"
published-version = "1"

[env.localnet]
chain-id = "5eced198"
original-published-id = "0x6e7d4ee9e167c3e03778ce3843d1a52550014517a2af5c8ec92de5bdd38b055d"
latest-published-id = "0x6e7d4ee9e167c3e03778ce3843d1a52550014517a2af5c8ec92de5bdd38b055d"
published-version = "1"
