# @generated by Move, please check-in and do not edit manually.

[move]
version = 3
manifest_digest = "E6644BC57E1DE08F6760C21FF902CDAF4A4F199036FBE46107935256162768C5"
deps_digest = "F8BBB0CCB2491CA29A3DF03D6F92277A4F3574266507ACD77214D37ECA3F3082"
dependencies = [
  { id = "Sui", name = "Sui" },
]

[[move.package]]
id = "MoveStdlib"
source = { git = "https://github.com/MystenLabs/sui.git", rev = "mainnet-v1.60.1", subdir = "crates/sui-framework/packages/move-stdlib" }

[[move.package]]
id = "Sui"
source = { git = "https://github.com/MystenLabs/sui.git", rev = "mainnet-v1.60.1", subdir = "crates/sui-framework/packages/sui-framework" }

dependencies = [
  { id = "MoveStdlib", name = "MoveStdlib" },
]

[move.toolchain-version]
compiler-version = "1.60.1"
edition = "2024"
flavor = "sui"

[env]

[env.localnet]
chain-id = "446fc1cd"
original-published-id = "0xeb2bfa783a4725a8b29cd8a98f66d73351c063fb20d0467642c814790d08a9ed"
latest-published-id = "0xeb2bfa783a4725a8b29cd8a98f66d73351c063fb20d0467642c814790d08a9ed"
published-version = "1"

[env.testnet]
chain-id = "4c78adac"
original-published-id = "0x6daa03bad0b32c842f2474d3b485d9cb4f88f0c4aee589bab18b0799302eef45"
latest-published-id = "0x6daa03bad0b32c842f2474d3b485d9cb4f88f0c4aee589bab18b0799302eef45"
published-version = "1"

[env.mainnet]
chain-id = "35834a8a"
original-published-id = "0x8d8b4b5bcfca1e497b4aff33100a521ac4e253d9a96ac44bb3bfe1bde7038ccd"
latest-published-id = "0x8d8b4b5bcfca1e497b4aff33100a521ac4e253d9a96ac44bb3bfe1bde7038ccd"
published-version = "1"
